
Microsoft Visual Studio Solution File, Format Version 12.00
# Visual Studio Version 17
VisualStudioVersion = 17.3.32901.215
MinimumVisualStudioVersion = 10.0.40219.1
Project("{9A19103F-16F7-4668-BE54-9A1E7A4F7556}") = "Rogue.Contacts.WebAPI", "Rogue.Contacts.WebAPI\Rogue.Contacts.WebAPI.csproj", "{ACDF8288-D945-40F6-9339-D10DF742BB2E}"
EndProject
Project("{9A19103F-16F7-4668-BE54-9A1E7A4F7556}") = "Rogue.Contacts.View.Model", "Rogue.Contact.View.Model\Rogue.Contacts.View.Model.csproj", "{8205CCC5-98F8-4315-9F8E-EE55E0F681FB}"
EndProject
Project("{9A19103F-16F7-4668-BE54-9A1E7A4F7556}") = "Rogue.Contacts.Data", "Rogue.Contacts.Data\Rogue.Contacts.Data.csproj", "{98B6B21E-CCD0-4FC9-AC01-6C6D0FDDD741}"
EndProject
Project("{9A19103F-16F7-4668-BE54-9A1E7A4F7556}") = "Rogue.Contacts.Data.Model", "Rogue.Contacts.Data.Model\Rogue.Contacts.Data.Model.csproj", "{01F1291F-97FD-4D23-B1D3-C516498F74FA}"
EndProject
Project("{9A19103F-16F7-4668-BE54-9A1E7A4F7556}") = "Rogue.Contacts.Service", "Rogue.Contacts.Service\Rogue.Contacts.Service.csproj", "{C541A231-2018-4060-A053-FA88FD23551C}"
EndProject
Project("{2150E333-8FDC-42A3-9474-1A3956D46DE8}") = "Solution Items", "Solution Items", "{A941D82A-A0E1-4114-A46B-16AF01F5CA83}"
	ProjectSection(SolutionItems) = preProject
		.editorconfig = .editorconfig
	EndProjectSection
EndProject
Global
	GlobalSection(SolutionConfigurationPlatforms) = preSolution
		Debug|Any CPU = Debug|Any CPU
		Release|Any CPU = Release|Any CPU
	EndGlobalSection
	GlobalSection(ProjectConfigurationPlatforms) = postSolution
		{ACDF8288-D945-40F6-9339-D10DF742BB2E}.Debug|Any CPU.ActiveCfg = Debug|Any CPU
		{ACDF8288-D945-40F6-9339-D10DF742BB2E}.Debug|Any CPU.Build.0 = Debug|Any CPU
		{ACDF8288-D945-40F6-9339-D10DF742BB2E}.Release|Any CPU.ActiveCfg = Release|Any CPU
		{ACDF8288-D945-40F6-9339-D10DF742BB2E}.Release|Any CPU.Build.0 = Release|Any CPU
		{8205CCC5-98F8-4315-9F8E-EE55E0F681FB}.Debug|Any CPU.ActiveCfg = Debug|Any CPU
		{8205CCC5-98F8-4315-9F8E-EE55E0F681FB}.Debug|Any CPU.Build.0 = Debug|Any CPU
		{8205CCC5-98F8-4315-9F8E-EE55E0F681FB}.Release|Any CPU.ActiveCfg = Release|Any CPU
		{8205CCC5-98F8-4315-9F8E-EE55E0F681FB}.Release|Any CPU.Build.0 = Release|Any CPU
		{98B6B21E-CCD0-4FC9-AC01-6C6D0FDDD741}.Debug|Any CPU.ActiveCfg = Debug|Any CPU
		{98B6B21E-CCD0-4FC9-AC01-6C6D0FDDD741}.Debug|Any CPU.Build.0 = Debug|Any CPU
		{98B6B21E-CCD0-4FC9-AC01-6C6D0FDDD741}.Release|Any CPU.ActiveCfg = Release|Any CPU
		{98B6B21E-CCD0-4FC9-AC01-6C6D0FDDD741}.Release|Any CPU.Build.0 = Release|Any CPU
		{01F1291F-97FD-4D23-B1D3-C516498F74FA}.Debug|Any CPU.ActiveCfg = Debug|Any CPU
		{01F1291F-97FD-4D23-B1D3-C516498F74FA}.Debug|Any CPU.Build.0 = Debug|Any CPU
		{01F1291F-97FD-4D23-B1D3-C516498F74FA}.Release|Any CPU.ActiveCfg = Release|Any CPU
		{01F1291F-97FD-4D23-B1D3-C516498F74FA}.Release|Any CPU.Build.0 = Release|Any CPU
		{C541A231-2018-4060-A053-FA88FD23551C}.Debug|Any CPU.ActiveCfg = Debug|Any CPU
		{C541A231-2018-4060-A053-FA88FD23551C}.Debug|Any CPU.Build.0 = Debug|Any CPU
		{C541A231-2018-4060-A053-FA88FD23551C}.Release|Any CPU.ActiveCfg = Release|Any CPU
		{C541A231-2018-4060-A053-FA88FD23551C}.Release|Any CPU.Build.0 = Release|Any CPU
	EndGlobalSection
	GlobalSection(SolutionProperties) = preSolution
		HideSolutionNode = FALSE
	EndGlobalSection
	GlobalSection(ExtensibilityGlobals) = postSolution
		SolutionGuid = {6C20E7CA-B1F1-4F16-9B4C-C0EFA75ABDAB}
	EndGlobalSection
EndGlobal
